
Microsoft Visual Studio Solution File, Format Version 12.00
# Visual Studio Version 17
VisualStudioVersion = 17.9.34701.34
MinimumVisualStudioVersion = 10.0.40219.1
Project("{9A19103F-16F7-4668-BE54-9A1E7A4F7556}") = "IdentityManager", "IdentityManager.csproj", "{CBA9A0BF-B34B-4E1E-A5FF-89B61200C45C}"
EndProject
Global
	GlobalSection(SolutionConfigurationPlatforms) = preSolution
		Debug|Any CPU = Debug|Any CPU
		Release|Any CPU = Release|Any CPU
	EndGlobalSection
	GlobalSection(ProjectConfigurationPlatforms) = postSolution
		{CBA9A0BF-B34B-4E1E-A5FF-89B61200C45C}.Debug|Any CPU.ActiveCfg = Debug|Any CPU
		{CBA9A0BF-B34B-4E1E-A5FF-89B61200C45C}.Debug|Any CPU.Build.0 = Debug|Any CPU
		{CBA9A0BF-B34B-4E1E-A5FF-89B61200C45C}.Release|Any CPU.ActiveCfg = Release|Any CPU
		{CBA9A0BF-B34B-4E1E-A5FF-89B61200C45C}.Release|Any CPU.Build.0 = Release|Any CPU
	EndGlobalSection
	GlobalSection(SolutionProperties) = preSolution
		HideSolutionNode = FALSE
	EndGlobalSection
	GlobalSection(ExtensibilityGlobals) = postSolution
		SolutionGuid = {10401B79-9033-41C0-B5C5-6252F9875682}
	EndGlobalSection
EndGlobal
